// !$*UTF8*$!
{
	archiveVersion = 1;
	classes = {
	};
	objectVersion = 77;
	objects = {

/* Begin PBXBuildFile section */
		0672372F02F1F8A918CF460E /* MenuBarController.swift in Sources */ = {isa = PBXBuildFile; fileRef = E65F2374D8BF47BD2A888720 /* MenuBarController.swift */; };
		2140E7EE97BD58468FA9FE14 /* DesktopDisplayMode.swift in Sources */ = {isa = PBXBuildFile; fileRef = F8866EC2113AED5477E3D8DF /* DesktopDisplayMode.swift */; };
		2B8BF004362AB78333F9DE24 /* TrayPanelViewModel.swift in Sources */ = {isa = PBXBuildFile; fileRef = 422F21B75CAA6D53405157C7 /* TrayPanelViewModel.swift */; };
		34C5710A0F45C7778F720EA3 /* IntegrationTests.swift in Sources */ = {isa = PBXBuildFile; fileRef = A838532F72ED004233396C0E /* IntegrationTests.swift */; };
		374E1EDA07F0EAD7E4D94153 /* OverlayWindowManager.swift in Sources */ = {isa = PBXBuildFile; fileRef = 21AB9421027FD918BDF2C040 /* OverlayWindowManager.swift */; };
		441994096E2E7EE1C8DC80FF /* TrayTheme.swift in Sources */ = {isa = PBXBuildFile; fileRef = 62BD81ECC0C9690E6DC66210 /* TrayTheme.swift */; };
		4538AA89920F96474A9E16D2 /* TrayEngineTests.swift in Sources */ = {isa = PBXBuildFile; fileRef = 331C8AA0CA5275896A7443F4 /* TrayEngineTests.swift */; };
		4A6FED0DC93C8FFAB33CEA03 /* Animations.swift in Sources */ = {isa = PBXBuildFile; fileRef = 78C51A9FA65A8C25E16167EC /* Animations.swift */; };
		583741030CC4EC9430797570 /* TrayItemTransfer.swift in Sources */ = {isa = PBXBuildFile; fileRef = A0B3B809FD2BEDFEEA8ED177 /* TrayItemTransfer.swift */; };
		5FDB1381DB79398756465589 /* LayoutEngine.swift in Sources */ = {isa = PBXBuildFile; fileRef = E3B916A43571E70DCC409C49 /* LayoutEngine.swift */; };
		63546BC1FAC45BA62896EA74 /* TrayPanelContainer.swift in Sources */ = {isa = PBXBuildFile; fileRef = 1D535EE0FE522CA523D233C7 /* TrayPanelContainer.swift */; };
		637796122FA338B48D7039EF /* PersistenceStore.swift in Sources */ = {isa = PBXBuildFile; fileRef = F1FC1B8066189569069DE6A5 /* PersistenceStore.swift */; };
		646842E94D03339822A49170 /* DesktopTrayApp.swift in Sources */ = {isa = PBXBuildFile; fileRef = 33CB82D2F463C8AF12266FCD /* DesktopTrayApp.swift */; };
		646968DD718860AF641A2E72 /* FileActionsService.swift in Sources */ = {isa = PBXBuildFile; fileRef = 25CD6A4824FB64C84BA77B6D /* FileActionsService.swift */; };
		6507ECDF4866340A5891C75F /* DragSessionBridge.swift in Sources */ = {isa = PBXBuildFile; fileRef = 6A23FA34ACAC42C514D6D520 /* DragSessionBridge.swift */; };
		654485FB67D2C7D074A8B577 /* MockTrayData.swift in Sources */ = {isa = PBXBuildFile; fileRef = 2FF11CDC1D3A222DBF38A08D /* MockTrayData.swift */; };
		85E9752D8F59237973EBDF39 /* PersistenceStoreTests.swift in Sources */ = {isa = PBXBuildFile; fileRef = C33F884BEFC5668632101D2C /* PersistenceStoreTests.swift */; };
		86653D5ACA4BE23405EB5B9F /* TrayEngine.swift in Sources */ = {isa = PBXBuildFile; fileRef = F036A1DD48E763B8C7249435 /* TrayEngine.swift */; };
		8894AA1877ED0BA65B0C152B /* ToastView.swift in Sources */ = {isa = PBXBuildFile; fileRef = 70F5B94832C69959C3EFD065 /* ToastView.swift */; };
		9879249494EC3F994DF61F18 /* LayoutEngineTests.swift in Sources */ = {isa = PBXBuildFile; fileRef = DC537C70D3FF1371F7A62B9A /* LayoutEngineTests.swift */; };
		9FD162A07418D1A38DB67230 /* GlassBackgroundView.swift in Sources */ = {isa = PBXBuildFile; fileRef = EECA6B6D701788509DB81069 /* GlassBackgroundView.swift */; };
		A4589A8C72CDA208228A64FC /* TrayPanelView.swift in Sources */ = {isa = PBXBuildFile; fileRef = 445B84F96AA654BF59AE92BC /* TrayPanelView.swift */; };
		AA9642E77A1101FAA474BA4A /* FileSystemWatcher.swift in Sources */ = {isa = PBXBuildFile; fileRef = A621BC885EAD618E0D5B8ED9 /* FileSystemWatcher.swift */; };
		ACEEE6117B2F23D0A8613FD1 /* SmartTrayPresets.swift in Sources */ = {isa = PBXBuildFile; fileRef = 2CA524CA37531CE3E4F067DC /* SmartTrayPresets.swift */; };
		C46484DF8FC9A3B84E3FDE0F /* AppDelegate.swift in Sources */ = {isa = PBXBuildFile; fileRef = A24BE37FD44C23C08ECF93BC /* AppDelegate.swift */; };
		C59AEBABB9D78F9D10654D53 /* TrayListViewModel.swift in Sources */ = {isa = PBXBuildFile; fileRef = C9895CAD8F2421407FE565FF /* TrayListViewModel.swift */; };
		C5BA51946D62F4AD0FA6C680 /* Localizable.strings in Resources */ = {isa = PBXBuildFile; fileRef = AAB3B42B4CF4FE58C5D36361 /* Localizable.strings */; };
		C61DF690A518C407F31FA6D0 /* Assets.xcassets in Resources */ = {isa = PBXBuildFile; fileRef = D288023113ED43CA89839FC6 /* Assets.xcassets */; };
		D0581E3ADBAB5432A8E8C5B4 /* PanelSubclasses.swift in Sources */ = {isa = PBXBuildFile; fileRef = E5308DDBDB7AFA4724E61EAB /* PanelSubclasses.swift */; };
		DE79437F3307A87E8FF24EC5 /* AppCoordinator.swift in Sources */ = {isa = PBXBuildFile; fileRef = 89193444BC9B363D7A2EDE9F /* AppCoordinator.swift */; };
		E418253343C65B30374F86D5 /* SmartTrayEvaluatorTests.swift in Sources */ = {isa = PBXBuildFile; fileRef = 85BE4E14FEB17B3AB157CE80 /* SmartTrayEvaluatorTests.swift */; };
		E4A342C7EE9B60CD83F6924D /* TrayItemView.swift in Sources */ = {isa = PBXBuildFile; fileRef = 714E2A80D0752CF00FAA7A70 /* TrayItemView.swift */; };
		E6183ACBE6E7B927AD16D89F /* SmartTrayRule.swift in Sources */ = {isa = PBXBuildFile; fileRef = F0B18D5ACA79E818F778293C /* SmartTrayRule.swift */; };
		E8713674A42BF65DB63EC9AF /* TrayWindowController.swift in Sources */ = {isa = PBXBuildFile; fileRef = FFAA1522894904B582DCBBBE /* TrayWindowController.swift */; };
		E942B14532445EE23AB72764 /* IconProvider.swift in Sources */ = {isa = PBXBuildFile; fileRef = 803A354A9C51380B874AE4FF /* IconProvider.swift */; };
		EC498059F1B6CB9936ACBBD7 /* TrayItem.swift in Sources */ = {isa = PBXBuildFile; fileRef = E4F8E924BF2491AB068FD9B3 /* TrayItem.swift */; };
		ED73AB1043E02AAFC6C79F09 /* SmartTrayEvaluator.swift in Sources */ = {isa = PBXBuildFile; fileRef = FC959520A5F987F923D3E7E1 /* SmartTrayEvaluator.swift */; };
		F01C289B6ECD2E694B6FF526 /* Tray.swift in Sources */ = {isa = PBXBuildFile; fileRef = 118F9213E9AF43DDF39B594E /* Tray.swift */; };
		F7FDFF5A8FBF6753F7AB0FB6 /* DesktopScanner.swift in Sources */ = {isa = PBXBuildFile; fileRef = 3D77CD8A1AE1763A3D82A8D4 /* DesktopScanner.swift */; };
/* End PBXBuildFile section */

/* Begin PBXContainerItemProxy section */
		6E0F5CE355A0C29D97059E06 /* PBXContainerItemProxy */ = {
			isa = PBXContainerItemProxy;
			containerPortal = 6E8A6876D9514543704E02AF /* Project object */;
			proxyType = 1;
			remoteGlobalIDString = 50DFE91C0E16ED404A949E2C;
			remoteInfo = DesktopTray;
		};
/* End PBXContainerItemProxy section */

/* Begin PBXFileReference section */
		118F9213E9AF43DDF39B594E /* Tray.swift */ = {isa = PBXFileReference; lastKnownFileType = sourcecode.swift; path = Tray.swift; sourceTree = "<group>"; };
		1D535EE0FE522CA523D233C7 /* TrayPanelContainer.swift */ = {isa = PBXFileReference; lastKnownFileType = sourcecode.swift; path = TrayPanelContainer.swift; sourceTree = "<group>"; };
		21AB9421027FD918BDF2C040 /* OverlayWindowManager.swift */ = {isa = PBXFileReference; lastKnownFileType = sourcecode.swift; path = OverlayWindowManager.swift; sourceTree = "<group>"; };
		25CD6A4824FB64C84BA77B6D /* FileActionsService.swift */ = {isa = PBXFileReference; lastKnownFileType = sourcecode.swift; path = FileActionsService.swift; sourceTree = "<group>"; };
		2CA524CA37531CE3E4F067DC /* SmartTrayPresets.swift */ = {isa = PBXFileReference; lastKnownFileType = sourcecode.swift; path = SmartTrayPresets.swift; sourceTree = "<group>"; };
		2FF11CDC1D3A222DBF38A08D /* MockTrayData.swift */ = {isa = PBXFileReference; lastKnownFileType = sourcecode.swift; path = MockTrayData.swift; sourceTree = "<group>"; };
		331C8AA0CA5275896A7443F4 /* TrayEngineTests.swift */ = {isa = PBXFileReference; lastKnownFileType = sourcecode.swift; path = TrayEngineTests.swift; sourceTree = "<group>"; };
		33CB82D2F463C8AF12266FCD /* DesktopTrayApp.swift */ = {isa = PBXFileReference; lastKnownFileType = sourcecode.swift; path = DesktopTrayApp.swift; sourceTree = "<group>"; };
		3D77CD8A1AE1763A3D82A8D4 /* DesktopScanner.swift */ = {isa = PBXFileReference; lastKnownFileType = sourcecode.swift; path = DesktopScanner.swift; sourceTree = "<group>"; };
		422F21B75CAA6D53405157C7 /* TrayPanelViewModel.swift */ = {isa = PBXFileReference; lastKnownFileType = sourcecode.swift; path = TrayPanelViewModel.swift; sourceTree = "<group>"; };
		445B84F96AA654BF59AE92BC /* TrayPanelView.swift */ = {isa = PBXFileReference; lastKnownFileType = sourcecode.swift; path = TrayPanelView.swift; sourceTree = "<group>"; };
		62BD81ECC0C9690E6DC66210 /* TrayTheme.swift */ = {isa = PBXFileReference; lastKnownFileType = sourcecode.swift; path = TrayTheme.swift; sourceTree = "<group>"; };
		6A23FA34ACAC42C514D6D520 /* DragSessionBridge.swift */ = {isa = PBXFileReference; lastKnownFileType = sourcecode.swift; path = DragSessionBridge.swift; sourceTree = "<group>"; };
		70F5B94832C69959C3EFD065 /* ToastView.swift */ = {isa = PBXFileReference; lastKnownFileType = sourcecode.swift; path = ToastView.swift; sourceTree = "<group>"; };
		714E2A80D0752CF00FAA7A70 /* TrayItemView.swift */ = {isa = PBXFileReference; lastKnownFileType = sourcecode.swift; path = TrayItemView.swift; sourceTree = "<group>"; };
		78C51A9FA65A8C25E16167EC /* Animations.swift */ = {isa = PBXFileReference; lastKnownFileType = sourcecode.swift; path = Animations.swift; sourceTree = "<group>"; };
		803A354A9C51380B874AE4FF /* IconProvider.swift */ = {isa = PBXFileReference; lastKnownFileType = sourcecode.swift; path = IconProvider.swift; sourceTree = "<group>"; };
		85BE4E14FEB17B3AB157CE80 /* SmartTrayEvaluatorTests.swift */ = {isa = PBXFileReference; lastKnownFileType = sourcecode.swift; path = SmartTrayEvaluatorTests.swift; sourceTree = "<group>"; };
		89193444BC9B363D7A2EDE9F /* AppCoordinator.swift */ = {isa = PBXFileReference; lastKnownFileType = sourcecode.swift; path = AppCoordinator.swift; sourceTree = "<group>"; };
		988286176687732A1E7CFCEA /* DesktopTray.app */ = {isa = PBXFileReference; explicitFileType = wrapper.application; includeInIndex = 0; path = DesktopTray.app; sourceTree = BUILT_PRODUCTS_DIR; };
		A0B3B809FD2BEDFEEA8ED177 /* TrayItemTransfer.swift */ = {isa = PBXFileReference; lastKnownFileType = sourcecode.swift; path = TrayItemTransfer.swift; sourceTree = "<group>"; };
		A24BE37FD44C23C08ECF93BC /* AppDelegate.swift */ = {isa = PBXFileReference; lastKnownFileType = sourcecode.swift; path = AppDelegate.swift; sourceTree = "<group>"; };
		A6159376725B53850440CB6B /* DesktopTrayTests.xctest */ = {isa = PBXFileReference; explicitFileType = wrapper.cfbundle; includeInIndex = 0; path = DesktopTrayTests.xctest; sourceTree = BUILT_PRODUCTS_DIR; };
		A621BC885EAD618E0D5B8ED9 /* FileSystemWatcher.swift */ = {isa = PBXFileReference; lastKnownFileType = sourcecode.swift; path = FileSystemWatcher.swift; sourceTree = "<group>"; };
		A838532F72ED004233396C0E /* IntegrationTests.swift */ = {isa = PBXFileReference; lastKnownFileType = sourcecode.swift; path = IntegrationTests.swift; sourceTree = "<group>"; };
		AAB3B42B4CF4FE58C5D36361 /* Localizable.strings */ = {isa = PBXFileReference; lastKnownFileType = text.plist.strings; path = Localizable.strings; sourceTree = "<group>"; };
		C33F884BEFC5668632101D2C /* PersistenceStoreTests.swift */ = {isa = PBXFileReference; lastKnownFileType = sourcecode.swift; path = PersistenceStoreTests.swift; sourceTree = "<group>"; };
		C9895CAD8F2421407FE565FF /* TrayListViewModel.swift */ = {isa = PBXFileReference; lastKnownFileType = sourcecode.swift; path = TrayListViewModel.swift; sourceTree = "<group>"; };
		D288023113ED43CA89839FC6 /* Assets.xcassets */ = {isa = PBXFileReference; lastKnownFileType = folder.assetcatalog; path = Assets.xcassets; sourceTree = "<group>"; };
		DC537C70D3FF1371F7A62B9A /* LayoutEngineTests.swift */ = {isa = PBXFileReference; lastKnownFileType = sourcecode.swift; path = LayoutEngineTests.swift; sourceTree = "<group>"; };
		E3B916A43571E70DCC409C49 /* LayoutEngine.swift */ = {isa = PBXFileReference; lastKnownFileType = sourcecode.swift; path = LayoutEngine.swift; sourceTree = "<group>"; };
		E4F8E924BF2491AB068FD9B3 /* TrayItem.swift */ = {isa = PBXFileReference; lastKnownFileType = sourcecode.swift; path = TrayItem.swift; sourceTree = "<group>"; };
		E5308DDBDB7AFA4724E61EAB /* PanelSubclasses.swift */ = {isa = PBXFileReference; lastKnownFileType = sourcecode.swift; path = PanelSubclasses.swift; sourceTree = "<group>"; };
		E65F2374D8BF47BD2A888720 /* MenuBarController.swift */ = {isa = PBXFileReference; lastKnownFileType = sourcecode.swift; path = MenuBarController.swift; sourceTree = "<group>"; };
		EECA6B6D701788509DB81069 /* GlassBackgroundView.swift */ = {isa = PBXFileReference; lastKnownFileType = sourcecode.swift; path = GlassBackgroundView.swift; sourceTree = "<group>"; };
		F036A1DD48E763B8C7249435 /* TrayEngine.swift */ = {isa = PBXFileReference; lastKnownFileType = sourcecode.swift; path = TrayEngine.swift; sourceTree = "<group>"; };
		F0B18D5ACA79E818F778293C /* SmartTrayRule.swift */ = {isa = PBXFileReference; lastKnownFileType = sourcecode.swift; path = SmartTrayRule.swift; sourceTree = "<group>"; };
		F1FC1B8066189569069DE6A5 /* PersistenceStore.swift */ = {isa = PBXFileReference; lastKnownFileType = sourcecode.swift; path = PersistenceStore.swift; sourceTree = "<group>"; };
		F8866EC2113AED5477E3D8DF /* DesktopDisplayMode.swift */ = {isa = PBXFileReference; lastKnownFileType = sourcecode.swift; path = DesktopDisplayMode.swift; sourceTree = "<group>"; };
		FC959520A5F987F923D3E7E1 /* SmartTrayEvaluator.swift */ = {isa = PBXFileReference; lastKnownFileType = sourcecode.swift; path = SmartTrayEvaluator.swift; sourceTree = "<group>"; };
		FFAA1522894904B582DCBBBE /* TrayWindowController.swift */ = {isa = PBXFileReference; lastKnownFileType = sourcecode.swift; path = TrayWindowController.swift; sourceTree = "<group>"; };
/* End PBXFileReference section */

/* Begin PBXGroup section */
		02DF92265F976BF0BD252BA8 /* Features */ = {
			isa = PBXGroup;
			children = (
				A792C59E0A910C2C1586B9CD /* Settings */,
				9BB60EFFD73AFA181866265C /* TrayPanel */,
			);
			path = Features;
			sourceTree = "<group>";
		};
		02FFB57B3375F62A483B2A43 /* DesignSystem */ = {
			isa = PBXGroup;
			children = (
				78C51A9FA65A8C25E16167EC /* Animations.swift */,
				EECA6B6D701788509DB81069 /* GlassBackgroundView.swift */,
				62BD81ECC0C9690E6DC66210 /* TrayTheme.swift */,
			);
			path = DesignSystem;
			sourceTree = "<group>";
		};
		084DB0E8623450C4AD9F0AA6 /* DesktopTrayTests */ = {
			isa = PBXGroup;
			children = (
				A838532F72ED004233396C0E /* IntegrationTests.swift */,
				DC537C70D3FF1371F7A62B9A /* LayoutEngineTests.swift */,
				C33F884BEFC5668632101D2C /* PersistenceStoreTests.swift */,
				85BE4E14FEB17B3AB157CE80 /* SmartTrayEvaluatorTests.swift */,
				331C8AA0CA5275896A7443F4 /* TrayEngineTests.swift */,
			);
			path = DesktopTrayTests;
			sourceTree = "<group>";
		};
		0A17FB5B0B82A0B6806540D2 /* Resources */ = {
			isa = PBXGroup;
			children = (
				D288023113ED43CA89839FC6 /* Assets.xcassets */,
				AAB3B42B4CF4FE58C5D36361 /* Localizable.strings */,
			);
			path = Resources;
			sourceTree = "<group>";
		};
		0D26C9964C5988A5ABDE4BA7 /* App */ = {
			isa = PBXGroup;
			children = (
				89193444BC9B363D7A2EDE9F /* AppCoordinator.swift */,
				A24BE37FD44C23C08ECF93BC /* AppDelegate.swift */,
				33CB82D2F463C8AF12266FCD /* DesktopTrayApp.swift */,
				2FF11CDC1D3A222DBF38A08D /* MockTrayData.swift */,
			);
			path = App;
			sourceTree = "<group>";
		};
		1E0EF75C3BEAF80FF2E8869F /* Models */ = {
			isa = PBXGroup;
			children = (
				F8866EC2113AED5477E3D8DF /* DesktopDisplayMode.swift */,
				F0B18D5ACA79E818F778293C /* SmartTrayRule.swift */,
				118F9213E9AF43DDF39B594E /* Tray.swift */,
				E4F8E924BF2491AB068FD9B3 /* TrayItem.swift */,
				A0B3B809FD2BEDFEEA8ED177 /* TrayItemTransfer.swift */,
			);
			path = Models;
			sourceTree = "<group>";
		};
		483F286B8154ACED2DFC9C9B /* Infrastructure */ = {
			isa = PBXGroup;
			children = (
				3D77CD8A1AE1763A3D82A8D4 /* DesktopScanner.swift */,
				25CD6A4824FB64C84BA77B6D /* FileActionsService.swift */,
				A621BC885EAD618E0D5B8ED9 /* FileSystemWatcher.swift */,
				803A354A9C51380B874AE4FF /* IconProvider.swift */,
				F1FC1B8066189569069DE6A5 /* PersistenceStore.swift */,
			);
			path = Infrastructure;
			sourceTree = "<group>";
		};
		68EE476A077FCB41EDA0182D /* MenuBar */ = {
			isa = PBXGroup;
			children = (
				E65F2374D8BF47BD2A888720 /* MenuBarController.swift */,
			);
			path = MenuBar;
			sourceTree = "<group>";
		};
		7865549805D61ACCFBD0B645 /* Windows */ = {
			isa = PBXGroup;
			children = (
				6A23FA34ACAC42C514D6D520 /* DragSessionBridge.swift */,
				21AB9421027FD918BDF2C040 /* OverlayWindowManager.swift */,
				E5308DDBDB7AFA4724E61EAB /* PanelSubclasses.swift */,
				FFAA1522894904B582DCBBBE /* TrayWindowController.swift */,
			);
			path = Windows;
			sourceTree = "<group>";
		};
		834C12A0F2856132945FFA3A /* Products */ = {
			isa = PBXGroup;
			children = (
				988286176687732A1E7CFCEA /* DesktopTray.app */,
				A6159376725B53850440CB6B /* DesktopTrayTests.xctest */,
			);
			name = Products;
			sourceTree = "<group>";
		};
		9BB60EFFD73AFA181866265C /* TrayPanel */ = {
			isa = PBXGroup;
			children = (
				70F5B94832C69959C3EFD065 /* ToastView.swift */,
				714E2A80D0752CF00FAA7A70 /* TrayItemView.swift */,
				C9895CAD8F2421407FE565FF /* TrayListViewModel.swift */,
				1D535EE0FE522CA523D233C7 /* TrayPanelContainer.swift */,
				445B84F96AA654BF59AE92BC /* TrayPanelView.swift */,
				422F21B75CAA6D53405157C7 /* TrayPanelViewModel.swift */,
			);
			path = TrayPanel;
			sourceTree = "<group>";
		};
		9E17BD7BDBD7BFC9E4452B68 /* DesktopTray */ = {
			isa = PBXGroup;
			children = (
				0D26C9964C5988A5ABDE4BA7 /* App */,
				02FFB57B3375F62A483B2A43 /* DesignSystem */,
				FAEC715A867BFF789172D616 /* Domain */,
				02DF92265F976BF0BD252BA8 /* Features */,
				483F286B8154ACED2DFC9C9B /* Infrastructure */,
				68EE476A077FCB41EDA0182D /* MenuBar */,
				0A17FB5B0B82A0B6806540D2 /* Resources */,
				7865549805D61ACCFBD0B645 /* Windows */,
			);
			path = DesktopTray;
			sourceTree = "<group>";
		};
		A792C59E0A910C2C1586B9CD /* Settings */ = {
			isa = PBXGroup;
			children = (
			);
			path = Settings;
			sourceTree = "<group>";
		};
		CF60C81D05E5B1FE333A438F = {
			isa = PBXGroup;
			children = (
				9E17BD7BDBD7BFC9E4452B68 /* DesktopTray */,
				084DB0E8623450C4AD9F0AA6 /* DesktopTrayTests */,
				834C12A0F2856132945FFA3A /* Products */,
			);
			sourceTree = "<group>";
		};
		FAEC715A867BFF789172D616 /* Domain */ = {
			isa = PBXGroup;
			children = (
				1E0EF75C3BEAF80FF2E8869F /* Models */,
				E3B916A43571E70DCC409C49 /* LayoutEngine.swift */,
				FC959520A5F987F923D3E7E1 /* SmartTrayEvaluator.swift */,
				2CA524CA37531CE3E4F067DC /* SmartTrayPresets.swift */,
				F036A1DD48E763B8C7249435 /* TrayEngine.swift */,
			);
			path = Domain;
			sourceTree = "<group>";
		};
/* End PBXGroup section */

/* Begin PBXNativeTarget section */
		50DFE91C0E16ED404A949E2C /* DesktopTray */ = {
			isa = PBXNativeTarget;
			buildConfigurationList = 8F80D86509C7FEF000CD4BF1 /* Build configuration list for PBXNativeTarget "DesktopTray" */;
			buildPhases = (
				2E40284555766D593E82EDD2 /* Sources */,
				6945E9EAD912A9A195A28D51 /* Resources */,
			);
			buildRules = (
			);
			dependencies = (
			);
			name = DesktopTray;
			packageProductDependencies = (
			);
			productName = DesktopTray;
			productReference = 988286176687732A1E7CFCEA /* DesktopTray.app */;
			productType = "com.apple.product-type.application";
		};
		EBC8BB1AA66BAB8F98387FEF /* DesktopTrayTests */ = {
			isa = PBXNativeTarget;
			buildConfigurationList = 2C99FEE67004571D8D35C4DB /* Build configuration list for PBXNativeTarget "DesktopTrayTests" */;
			buildPhases = (
				62EBDA9C387653A4CB5526B0 /* Sources */,
			);
			buildRules = (
			);
			dependencies = (
				7BACC2CA4A7C286F481BBA51 /* PBXTargetDependency */,
			);
			name = DesktopTrayTests;
			packageProductDependencies = (
			);
			productName = DesktopTrayTests;
			productReference = A6159376725B53850440CB6B /* DesktopTrayTests.xctest */;
			productType = "com.apple.product-type.bundle.unit-test";
		};
/* End PBXNativeTarget section */

/* Begin PBXProject section */
		6E8A6876D9514543704E02AF /* Project object */ = {
			isa = PBXProject;
			attributes = {
				BuildIndependentTargetsInParallel = YES;
				LastUpgradeCheck = 1430;
				TargetAttributes = {
					50DFE91C0E16ED404A949E2C = {
						DevelopmentTeam = "";
						ProvisioningStyle = Automatic;
					};
				};
			};
			buildConfigurationList = 4EB39DA670C2BDA2CEC38806 /* Build configuration list for PBXProject "DesktopTray" */;
			developmentRegion = ja;
			hasScannedForEncodings = 0;
			knownRegions = (
				Base,
				ja,
			);
			mainGroup = CF60C81D05E5B1FE333A438F;
			minimizedProjectReferenceProxies = 1;
			preferredProjectObjectVersion = 77;
			productRefGroup = 834C12A0F2856132945FFA3A /* Products */;
			projectDirPath = "";
			projectRoot = "";
			targets = (
				50DFE91C0E16ED404A949E2C /* DesktopTray */,
				EBC8BB1AA66BAB8F98387FEF /* DesktopTrayTests */,
			);
		};
/* End PBXProject section */

/* Begin PBXResourcesBuildPhase section */
		6945E9EAD912A9A195A28D51 /* Resources */ = {
			isa = PBXResourcesBuildPhase;
			buildActionMask = 2147483647;
			files = (
				C61DF690A518C407F31FA6D0 /* Assets.xcassets in Resources */,
				C5BA51946D62F4AD0FA6C680 /* Localizable.strings in Resources */,
			);
			runOnlyForDeploymentPostprocessing = 0;
		};
/* End PBXResourcesBuildPhase section */

/* Begin PBXSourcesBuildPhase section */
		2E40284555766D593E82EDD2 /* Sources */ = {
			isa = PBXSourcesBuildPhase;
			buildActionMask = 2147483647;
			files = (
				4A6FED0DC93C8FFAB33CEA03 /* Animations.swift in Sources */,
				DE79437F3307A87E8FF24EC5 /* AppCoordinator.swift in Sources */,
				C46484DF8FC9A3B84E3FDE0F /* AppDelegate.swift in Sources */,
				2140E7EE97BD58468FA9FE14 /* DesktopDisplayMode.swift in Sources */,
				F7FDFF5A8FBF6753F7AB0FB6 /* DesktopScanner.swift in Sources */,
				646842E94D03339822A49170 /* DesktopTrayApp.swift in Sources */,
				6507ECDF4866340A5891C75F /* DragSessionBridge.swift in Sources */,
				646968DD718860AF641A2E72 /* FileActionsService.swift in Sources */,
				AA9642E77A1101FAA474BA4A /* FileSystemWatcher.swift in Sources */,
				9FD162A07418D1A38DB67230 /* GlassBackgroundView.swift in Sources */,
				E942B14532445EE23AB72764 /* IconProvider.swift in Sources */,
				5FDB1381DB79398756465589 /* LayoutEngine.swift in Sources */,
				0672372F02F1F8A918CF460E /* MenuBarController.swift in Sources */,
				654485FB67D2C7D074A8B577 /* MockTrayData.swift in Sources */,
				374E1EDA07F0EAD7E4D94153 /* OverlayWindowManager.swift in Sources */,
				D0581E3ADBAB5432A8E8C5B4 /* PanelSubclasses.swift in Sources */,
				637796122FA338B48D7039EF /* PersistenceStore.swift in Sources */,
				ED73AB1043E02AAFC6C79F09 /* SmartTrayEvaluator.swift in Sources */,
				ACEEE6117B2F23D0A8613FD1 /* SmartTrayPresets.swift in Sources */,
				E6183ACBE6E7B927AD16D89F /* SmartTrayRule.swift in Sources */,
				8894AA1877ED0BA65B0C152B /* ToastView.swift in Sources */,
				F01C289B6ECD2E694B6FF526 /* Tray.swift in Sources */,
				86653D5ACA4BE23405EB5B9F /* TrayEngine.swift in Sources */,
				EC498059F1B6CB9936ACBBD7 /* TrayItem.swift in Sources */,
				583741030CC4EC9430797570 /* TrayItemTransfer.swift in Sources */,
				E4A342C7EE9B60CD83F6924D /* TrayItemView.swift in Sources */,
				C59AEBABB9D78F9D10654D53 /* TrayListViewModel.swift in Sources */,
				63546BC1FAC45BA62896EA74 /* TrayPanelContainer.swift in Sources */,
				A4589A8C72CDA208228A64FC /* TrayPanelView.swift in Sources */,
				2B8BF004362AB78333F9DE24 /* TrayPanelViewModel.swift in Sources */,
				441994096E2E7EE1C8DC80FF /* TrayTheme.swift in Sources */,
				E8713674A42BF65DB63EC9AF /* TrayWindowController.swift in Sources */,
			);
			runOnlyForDeploymentPostprocessing = 0;
		};
		62EBDA9C387653A4CB5526B0 /* Sources */ = {
			isa = PBXSourcesBuildPhase;
			buildActionMask = 2147483647;
			files = (
				34C5710A0F45C7778F720EA3 /* IntegrationTests.swift in Sources */,
				9879249494EC3F994DF61F18 /* LayoutEngineTests.swift in Sources */,
				85E9752D8F59237973EBDF39 /* PersistenceStoreTests.swift in Sources */,
				E418253343C65B30374F86D5 /* SmartTrayEvaluatorTests.swift in Sources */,
				4538AA89920F96474A9E16D2 /* TrayEngineTests.swift in Sources */,
			);
			runOnlyForDeploymentPostprocessing = 0;
		};
/* End PBXSourcesBuildPhase section */

/* Begin PBXTargetDependency section */
		7BACC2CA4A7C286F481BBA51 /* PBXTargetDependency */ = {
			isa = PBXTargetDependency;
			target = 50DFE91C0E16ED404A949E2C /* DesktopTray */;
			targetProxy = 6E0F5CE355A0C29D97059E06 /* PBXContainerItemProxy */;
		};
/* End PBXTargetDependency section */

/* Begin XCBuildConfiguration section */
		28BA7A8C042E3B2AA1FFC91E /* Release */ = {
			isa = XCBuildConfiguration;
			buildSettings = {
				ALWAYS_SEARCH_USER_PATHS = NO;
				CLANG_ANALYZER_NONNULL = YES;
				CLANG_ANALYZER_NUMBER_OBJECT_CONVERSION = YES_AGGRESSIVE;
				CLANG_CXX_LANGUAGE_STANDARD = "gnu++14";
				CLANG_CXX_LIBRARY = "libc++";
				CLANG_ENABLE_MODULES = YES;
				CLANG_ENABLE_OBJC_ARC = YES;
				CLANG_ENABLE_OBJC_WEAK = YES;
				CLANG_WARN_BLOCK_CAPTURE_AUTORELEASING = YES;
				CLANG_WARN_BOOL_CONVERSION = YES;
				CLANG_WARN_COMMA = YES;
				CLANG_WARN_CONSTANT_CONVERSION = YES;
				CLANG_WARN_DEPRECATED_OBJC_IMPLEMENTATIONS = YES;
				CLANG_WARN_DIRECT_OBJC_ISA_USAGE = YES_ERROR;
				CLANG_WARN_DOCUMENTATION_COMMENTS = YES;
				CLANG_WARN_EMPTY_BODY = YES;
				CLANG_WARN_ENUM_CONVERSION = YES;
				CLANG_WARN_INFINITE_RECURSION = YES;
				CLANG_WARN_INT_CONVERSION = YES;
				CLANG_WARN_NON_LITERAL_NULL_CONVERSION = YES;
				CLANG_WARN_OBJC_IMPLICIT_RETAIN_SELF = YES;
				CLANG_WARN_OBJC_LITERAL_CONVERSION = YES;
				CLANG_WARN_OBJC_ROOT_CLASS = YES_ERROR;
				CLANG_WARN_QUOTED_INCLUDE_IN_FRAMEWORK_HEADER = YES;
				CLANG_WARN_RANGE_LOOP_ANALYSIS = YES;
				CLANG_WARN_STRICT_PROTOTYPES = YES;
				CLANG_WARN_SUSPICIOUS_MOVE = YES;
				CLANG_WARN_UNGUARDED_AVAILABILITY = YES_AGGRESSIVE;
				CLANG_WARN_UNREACHABLE_CODE = YES;
				CLANG_WARN__DUPLICATE_METHOD_MATCH = YES;
				COPY_PHASE_STRIP = NO;
				DEBUG_INFORMATION_FORMAT = "dwarf-with-dsym";
				DEVELOPMENT_LANGUAGE = ja;
				ENABLE_NS_ASSERTIONS = NO;
				ENABLE_STRICT_OBJC_MSGSEND = YES;
				ENABLE_USER_SCRIPT_SANDBOXING = NO;
				GCC_C_LANGUAGE_STANDARD = gnu11;
				GCC_NO_COMMON_BLOCKS = YES;
				GCC_WARN_64_TO_32_BIT_CONVERSION = YES;
				GCC_WARN_ABOUT_RETURN_TYPE = YES_ERROR;
				GCC_WARN_UNDECLARED_SELECTOR = YES;
				GCC_WARN_UNINITIALIZED_AUTOS = YES_AGGRESSIVE;
				GCC_WARN_UNUSED_FUNCTION = YES;
				GCC_WARN_UNUSED_VARIABLE = YES;
				MACOSX_DEPLOYMENT_TARGET = 14.0;
				MTL_ENABLE_DEBUG_INFO = NO;
				MTL_FAST_MATH = YES;
				PRODUCT_NAME = "$(TARGET_NAME)";
				SDKROOT = macosx;
				SWIFT_COMPILATION_MODE = wholemodule;
				SWIFT_OPTIMIZATION_LEVEL = "-O";
				SWIFT_VERSION = 6.0;
			};
			name = Release;
		};
		53BE40A32BB895D553CA572F /* Release */ = {
			isa = XCBuildConfiguration;
			buildSettings = {
				ASSETCATALOG_COMPILER_APPICON_NAME = AppIcon;
				ASSETCATALOG_COMPILER_GLOBAL_ACCENT_COLOR_NAME = AccentColor;
				CODE_SIGN_IDENTITY = "-";
				CODE_SIGN_STYLE = Automatic;
				COMBINE_HIDPI_IMAGES = YES;
				CURRENT_PROJECT_VERSION = 1;
				DEVELOPMENT_TEAM = "";
				ENABLE_APP_SANDBOX = NO;
				ENABLE_HARDENED_RUNTIME = YES;
				GENERATE_INFOPLIST_FILE = YES;
				INFOPLIST_KEY_CFBundleDisplayName = "Desktop Tray";
				INFOPLIST_KEY_LSUIElement = YES;
				INFOPLIST_KEY_NSHumanReadableCopyright = "Copyright (c) 2026 Desktop Tray. All rights reserved.";
				LD_RUNPATH_SEARCH_PATHS = "$(inherited) @executable_path/../Frameworks";
				MACOSX_DEPLOYMENT_TARGET = 14.0;
				MARKETING_VERSION = 0.1.0;
				PRODUCT_BUNDLE_IDENTIFIER = com.ryukouokumura.DesktopTray;
				PRODUCT_NAME = DesktopTray;
				SDKROOT = macosx;
			};
			name = Release;
		};
		85019DC1B9350C2E43487579 /* Debug */ = {
			isa = XCBuildConfiguration;
			buildSettings = {
				ASSETCATALOG_COMPILER_APPICON_NAME = AppIcon;
				ASSETCATALOG_COMPILER_GLOBAL_ACCENT_COLOR_NAME = AccentColor;
				CODE_SIGN_IDENTITY = "-";
				CODE_SIGN_STYLE = Automatic;
				COMBINE_HIDPI_IMAGES = YES;
				CURRENT_PROJECT_VERSION = 1;
				DEVELOPMENT_TEAM = "";
				ENABLE_APP_SANDBOX = NO;
				ENABLE_HARDENED_RUNTIME = YES;
				GENERATE_INFOPLIST_FILE = YES;
				INFOPLIST_KEY_CFBundleDisplayName = "Desktop Tray";
				INFOPLIST_KEY_LSUIElement = YES;
				INFOPLIST_KEY_NSHumanReadableCopyright = "Copyright (c) 2026 Desktop Tray. All rights reserved.";
				LD_RUNPATH_SEARCH_PATHS = "$(inherited) @executable_path/../Frameworks";
				MACOSX_DEPLOYMENT_TARGET = 14.0;
				MARKETING_VERSION = 0.1.0;
				PRODUCT_BUNDLE_IDENTIFIER = com.ryukouokumura.DesktopTray;
				PRODUCT_NAME = DesktopTray;
				SDKROOT = macosx;
			};
			name = Debug;
		};
		95807FA110205363A4F99B24 /* Release */ = {
			isa = XCBuildConfiguration;
			buildSettings = {
				BUNDLE_LOADER = "$(TEST_HOST)";
				COMBINE_HIDPI_IMAGES = YES;
				GENERATE_INFOPLIST_FILE = YES;
				LD_RUNPATH_SEARCH_PATHS = (
					"$(inherited)",
					"@executable_path/../Frameworks",
					"@loader_path/../Frameworks",
				);
				MACOSX_DEPLOYMENT_TARGET = 14.0;
				PRODUCT_BUNDLE_IDENTIFIER = com.ryukouokumura.DesktopTrayTests;
				SDKROOT = macosx;
				TEST_HOST = "$(BUILT_PRODUCTS_DIR)/DesktopTray.app/Contents/MacOS/DesktopTray";
			};
			name = Release;
		};
		A915FD8FB602B2227530C0ED /* Debug */ = {
			isa = XCBuildConfiguration;
			buildSettings = {
				ALWAYS_SEARCH_USER_PATHS = NO;
				CLANG_ANALYZER_NONNULL = YES;
				CLANG_ANALYZER_NUMBER_OBJECT_CONVERSION = YES_AGGRESSIVE;
				CLANG_CXX_LANGUAGE_STANDARD = "gnu++14";
				CLANG_CXX_LIBRARY = "libc++";
				CLANG_ENABLE_MODULES = YES;
				CLANG_ENABLE_OBJC_ARC = YES;
				CLANG_ENABLE_OBJC_WEAK = YES;
				CLANG_WARN_BLOCK_CAPTURE_AUTORELEASING = YES;
				CLANG_WARN_BOOL_CONVERSION = YES;
				CLANG_WARN_COMMA = YES;
				CLANG_WARN_CONSTANT_CONVERSION = YES;
				CLANG_WARN_DEPRECATED_OBJC_IMPLEMENTATIONS = YES;
				CLANG_WARN_DIRECT_OBJC_ISA_USAGE = YES_ERROR;
				CLANG_WARN_DOCUMENTATION_COMMENTS = YES;
				CLANG_WARN_EMPTY_BODY = YES;
				CLANG_WARN_ENUM_CONVERSION = YES;
				CLANG_WARN_INFINITE_RECURSION = YES;
				CLANG_WARN_INT_CONVERSION = YES;
				CLANG_WARN_NON_LITERAL_NULL_CONVERSION = YES;
				CLANG_WARN_OBJC_IMPLICIT_RETAIN_SELF = YES;
				CLANG_WARN_OBJC_LITERAL_CONVERSION = YES;
				CLANG_WARN_OBJC_ROOT_CLASS = YES_ERROR;
				CLANG_WARN_QUOTED_INCLUDE_IN_FRAMEWORK_HEADER = YES;
				CLANG_WARN_RANGE_LOOP_ANALYSIS = YES;
				CLANG_WARN_STRICT_PROTOTYPES = YES;
				CLANG_WARN_SUSPICIOUS_MOVE = YES;
				CLANG_WARN_UNGUARDED_AVAILABILITY = YES_AGGRESSIVE;
				CLANG_WARN_UNREACHABLE_CODE = YES;
				CLANG_WARN__DUPLICATE_METHOD_MATCH = YES;
				COPY_PHASE_STRIP = NO;
				DEBUG_INFORMATION_FORMAT = dwarf;
				DEVELOPMENT_LANGUAGE = ja;
				ENABLE_STRICT_OBJC_MSGSEND = YES;
				ENABLE_TESTABILITY = YES;
				ENABLE_USER_SCRIPT_SANDBOXING = NO;
				GCC_C_LANGUAGE_STANDARD = gnu11;
				GCC_DYNAMIC_NO_PIC = NO;
				GCC_NO_COMMON_BLOCKS = YES;
				GCC_OPTIMIZATION_LEVEL = 0;
				GCC_PREPROCESSOR_DEFINITIONS = (
					"$(inherited)",
					"DEBUG=1",
				);
				GCC_WARN_64_TO_32_BIT_CONVERSION = YES;
				GCC_WARN_ABOUT_RETURN_TYPE = YES_ERROR;
				GCC_WARN_UNDECLARED_SELECTOR = YES;
				GCC_WARN_UNINITIALIZED_AUTOS = YES_AGGRESSIVE;
				GCC_WARN_UNUSED_FUNCTION = YES;
				GCC_WARN_UNUSED_VARIABLE = YES;
				MACOSX_DEPLOYMENT_TARGET = 14.0;
				MTL_ENABLE_DEBUG_INFO = INCLUDE_SOURCE;
				MTL_FAST_MATH = YES;
				ONLY_ACTIVE_ARCH = YES;
				PRODUCT_NAME = "$(TARGET_NAME)";
				SDKROOT = macosx;
				SWIFT_ACTIVE_COMPILATION_CONDITIONS = DEBUG;
				SWIFT_OPTIMIZATION_LEVEL = "-Onone";
				SWIFT_VERSION = 6.0;
			};
			name = Debug;
		};
		B069536E9CE9DC5BB82A8100 /* Debug */ = {
			isa = XCBuildConfiguration;
			buildSettings = {
				BUNDLE_LOADER = "$(TEST_HOST)";
				COMBINE_HIDPI_IMAGES = YES;
				GENERATE_INFOPLIST_FILE = YES;
				LD_RUNPATH_SEARCH_PATHS = (
					"$(inherited)",
					"@executable_path/../Frameworks",
					"@loader_path/../Frameworks",
				);
				MACOSX_DEPLOYMENT_TARGET = 14.0;
				PRODUCT_BUNDLE_IDENTIFIER = com.ryukouokumura.DesktopTrayTests;
				SDKROOT = macosx;
				TEST_HOST = "$(BUILT_PRODUCTS_DIR)/DesktopTray.app/Contents/MacOS/DesktopTray";
			};
			name = Debug;
		};
/* End XCBuildConfiguration section */

/* Begin XCConfigurationList section */
		2C99FEE67004571D8D35C4DB /* Build configuration list for PBXNativeTarget "DesktopTrayTests" */ = {
			isa = XCConfigurationList;
			buildConfigurations = (
				B069536E9CE9DC5BB82A8100 /* Debug */,
				95807FA110205363A4F99B24 /* Release */,
			);
			defaultConfigurationIsVisible = 0;
			defaultConfigurationName = Debug;
		};
		4EB39DA670C2BDA2CEC38806 /* Build configuration list for PBXProject "DesktopTray" */ = {
			isa = XCConfigurationList;
			buildConfigurations = (
				A915FD8FB602B2227530C0ED /* Debug */,
				28BA7A8C042E3B2AA1FFC91E /* Release */,
			);
			defaultConfigurationIsVisible = 0;
			defaultConfigurationName = Debug;
		};
		8F80D86509C7FEF000CD4BF1 /* Build configuration list for PBXNativeTarget "DesktopTray" */ = {
			isa = XCConfigurationList;
			buildConfigurations = (
				85019DC1B9350C2E43487579 /* Debug */,
				53BE40A32BB895D553CA572F /* Release */,
			);
			defaultConfigurationIsVisible = 0;
			defaultConfigurationName = Debug;
		};
/* End XCConfigurationList section */
	};
	rootObject = 6E8A6876D9514543704E02AF /* Project object */;
}
